
Microsoft Visual Studio Solution File, Format Version 12.00
Project("{FAE04EC0-301F-11D3-BF4B-00C04F79EFBC}") = "Laba8", "Server\Laba8.csproj", "{03271DDF-E938-4755-A33D-24D3746E1A39}"
EndProject
Project("{FAE04EC0-301F-11D3-BF4B-00C04F79EFBC}") = "Client", "Client\Client.csproj", "{4E31FC08-D5F0-4AC7-A0A4-F5A19EDE6445}"
EndProject
Project("{FAE04EC0-301F-11D3-BF4B-00C04F79EFBC}") = "SocketHttpServer", "SocketHttpServer\SocketHttpServer.csproj", "{81D5C668-02DD-4765-87E7-A5FAC679549F}"
EndProject
Global
	GlobalSection(SolutionConfigurationPlatforms) = preSolution
		Debug|Any CPU = Debug|Any CPU
		Release|Any CPU = Release|Any CPU
	EndGlobalSection
	GlobalSection(ProjectConfigurationPlatforms) = postSolution
		{03271DDF-E938-4755-A33D-24D3746E1A39}.Debug|Any CPU.ActiveCfg = Debug|Any CPU
		{03271DDF-E938-4755-A33D-24D3746E1A39}.Debug|Any CPU.Build.0 = Debug|Any CPU
		{03271DDF-E938-4755-A33D-24D3746E1A39}.Release|Any CPU.ActiveCfg = Release|Any CPU
		{03271DDF-E938-4755-A33D-24D3746E1A39}.Release|Any CPU.Build.0 = Release|Any CPU
		{4E31FC08-D5F0-4AC7-A0A4-F5A19EDE6445}.Debug|Any CPU.ActiveCfg = Debug|Any CPU
		{4E31FC08-D5F0-4AC7-A0A4-F5A19EDE6445}.Debug|Any CPU.Build.0 = Debug|Any CPU
		{4E31FC08-D5F0-4AC7-A0A4-F5A19EDE6445}.Release|Any CPU.ActiveCfg = Release|Any CPU
		{4E31FC08-D5F0-4AC7-A0A4-F5A19EDE6445}.Release|Any CPU.Build.0 = Release|Any CPU
		{81D5C668-02DD-4765-87E7-A5FAC679549F}.Debug|Any CPU.ActiveCfg = Debug|Any CPU
		{81D5C668-02DD-4765-87E7-A5FAC679549F}.Debug|Any CPU.Build.0 = Debug|Any CPU
		{81D5C668-02DD-4765-87E7-A5FAC679549F}.Release|Any CPU.ActiveCfg = Release|Any CPU
		{81D5C668-02DD-4765-87E7-A5FAC679549F}.Release|Any CPU.Build.0 = Release|Any CPU
	EndGlobalSection
EndGlobal
